{
  "requires": true,
  "lockfileVersion": 1,
  "dependencies": {
    "cordova-background-geolocation-lt": {
      "version": "2.9.1",
      "resolved": "https://registry.npmjs.org/cordova-background-geolocation-lt/-/cordova-background-geolocation-lt-2.9.1.tgz",
      "integrity": "sha1-bT+ETw/HdsrLqKo1nDymbX2wm3A="
    }
  }
}
